// !$*UTF8*$!
{
	archiveVersion = 1;
	classes = {
	};
	objectVersion = 50;
	objects = {

/* Begin PBXBuildFile section */
		E525D43325C6CFB30054F629 /* AppDelegate.swift in Sources */ = {isa = PBXBuildFile; fileRef = E525D43225C6CFB30054F629 /* AppDelegate.swift */; };
		E525D43525C6CFB30054F629 /* SceneDelegate.swift in Sources */ = {isa = PBXBuildFile; fileRef = E525D43425C6CFB30054F629 /* SceneDelegate.swift */; };
		E525D43725C6CFB30054F629 /* ViewController.swift in Sources */ = {isa = PBXBuildFile; fileRef = E525D43625C6CFB30054F629 /* ViewController.swift */; };
		E525D43C25C6CFB60054F629 /* Assets.xcassets in Resources */ = {isa = PBXBuildFile; fileRef = E525D43B25C6CFB60054F629 /* Assets.xcassets */; };
		E525D43F25C6CFB60054F629 /* LaunchScreen.storyboard in Resources */ = {isa = PBXBuildFile; fileRef = E525D43D25C6CFB60054F629 /* LaunchScreen.storyboard */; };
		E525D44825C6D4B70054F629 /* PulseAnimation.swift in Sources */ = {isa = PBXBuildFile; fileRef = E525D44725C6D4B70054F629 /* PulseAnimation.swift */; };
		E525D45025C6F12C0054F629 /* Main.storyboard in Resources */ = {isa = PBXBuildFile; fileRef = E525D44F25C6F12C0054F629 /* Main.storyboard */; };
/* End PBXBuildFile section */

/* Begin PBXFileReference section */
		E525D42F25C6CFB30054F629 /* Task1_PulseAnimation.app */ = {isa = PBXFileReference; explicitFileType = wrapper.application; includeInIndex = 0; path = Task1_PulseAnimation.app; sourceTree = BUILT_PRODUCTS_DIR; };
		E525D43225C6CFB30054F629 /* AppDelegate.swift */ = {isa = PBXFileReference; lastKnownFileType = sourcecode.swift; path = AppDelegate.swift; sourceTree = "<group>"; };
		E525D43425C6CFB30054F629 /* SceneDelegate.swift */ = {isa = PBXFileReference; lastKnownFileType = sourcecode.swift; path = SceneDelegate.swift; sourceTree = "<group>"; };
		E525D43625C6CFB30054F629 /* ViewController.swift */ = {isa = PBXFileReference; lastKnownFileType = sourcecode.swift; path = ViewController.swift; sourceTree = "<group>"; };
		E525D43B25C6CFB60054F629 /* Assets.xcassets */ = {isa = PBXFileReference; lastKnownFileType = folder.assetcatalog; path = Assets.xcassets; sourceTree = "<group>"; };
		E525D43E25C6CFB60054F629 /* Base */ = {isa = PBXFileReference; lastKnownFileType = file.storyboard; name = Base; path = Base.lproj/LaunchScreen.storyboard; sourceTree = "<group>"; };
		E525D44025C6CFB60054F629 /* Info.plist */ = {isa = PBXFileReference; lastKnownFileType = text.plist.xml; path = Info.plist; sourceTree = "<group>"; };
		E525D44725C6D4B70054F629 /* PulseAnimation.swift */ = {isa = PBXFileReference; lastKnownFileType = sourcecode.swift; path = PulseAnimation.swift; sourceTree = "<group>"; };
		E525D44F25C6F12C0054F629 /* Main.storyboard */ = {isa = PBXFileReference; fileEncoding = 4; lastKnownFileType = file.storyboard; path = Main.storyboard; sourceTree = "<group>"; };
/* End PBXFileReference section */

/* Begin PBXFrameworksBuildPhase section */
		E525D42C25C6CFB30054F629 /* Frameworks */ = {
			isa = PBXFrameworksBuildPhase;
			buildActionMask = 2147483647;
			files = (
			);
			runOnlyForDeploymentPostprocessing = 0;
		};
/* End PBXFrameworksBuildPhase section */

/* Begin PBXGroup section */
		E525D42625C6CFB30054F629 = {
			isa = PBXGroup;
			children = (
				E525D43125C6CFB30054F629 /* Task1_PulseAnimation */,
				E525D43025C6CFB30054F629 /* Products */,
			);
			sourceTree = "<group>";
		};
		E525D43025C6CFB30054F629 /* Products */ = {
			isa = PBXGroup;
			children = (
				E525D42F25C6CFB30054F629 /* Task1_PulseAnimation.app */,
			);
			name = Products;
			sourceTree = "<group>";
		};
		E525D43125C6CFB30054F629 /* Task1_PulseAnimation */ = {
			isa = PBXGroup;
			children = (
				E525D43225C6CFB30054F629 /* AppDelegate.swift */,
				E525D43425C6CFB30054F629 /* SceneDelegate.swift */,
				E525D43625C6CFB30054F629 /* ViewController.swift */,
				E525D43B25C6CFB60054F629 /* Assets.xcassets */,
				E525D43D25C6CFB60054F629 /* LaunchScreen.storyboard */,
				E525D44F25C6F12C0054F629 /* Main.storyboard */,
				E525D44025C6CFB60054F629 /* Info.plist */,
				E525D44725C6D4B70054F629 /* PulseAnimation.swift */,
			);
			path = Task1_PulseAnimation;
			sourceTree = "<group>";
		};
/* End PBXGroup section */

/* Begin PBXNativeTarget section */
		E525D42E25C6CFB30054F629 /* Task1_PulseAnimation */ = {
			isa = PBXNativeTarget;
			buildConfigurationList = E525D44325C6CFB60054F629 /* Build configuration list for PBXNativeTarget "Task1_PulseAnimation" */;
			buildPhases = (
				E525D42B25C6CFB30054F629 /* Sources */,
				E525D42C25C6CFB30054F629 /* Frameworks */,
				E525D42D25C6CFB30054F629 /* Resources */,
			);
			buildRules = (
			);
			dependencies = (
			);
			name = Task1_PulseAnimation;
			productName = Task1_PulseAnimation;
			productReference = E525D42F25C6CFB30054F629 /* Task1_PulseAnimation.app */;
			productType = "com.apple.product-type.application";
		};
/* End PBXNativeTarget section */

/* Begin PBXProject section */
		E525D42725C6CFB30054F629 /* Project object */ = {
			isa = PBXProject;
			attributes = {
				LastSwiftUpdateCheck = 1220;
				LastUpgradeCheck = 1220;
				TargetAttributes = {
					E525D42E25C6CFB30054F629 = {
						CreatedOnToolsVersion = 12.2;
					};
				};
			};
			buildConfigurationList = E525D42A25C6CFB30054F629 /* Build configuration list for PBXProject "Task1_PulseAnimation" */;
			compatibilityVersion = "Xcode 9.3";
			developmentRegion = en;
			hasScannedForEncodings = 0;
			knownRegions = (
				en,
				Base,
			);
			mainGroup = E525D42625C6CFB30054F629;
			productRefGroup = E525D43025C6CFB30054F629 /* Products */;
			projectDirPath = "";
			projectRoot = "";
			targets = (
				E525D42E25C6CFB30054F629 /* Task1_PulseAnimation */,
			);
		};
/* End PBXProject section */

/* Begin PBXResourcesBuildPhase section */
		E525D42D25C6CFB30054F629 /* Resources */ = {
			isa = PBXResourcesBuildPhase;
			buildActionMask = 2147483647;
			files = (
				E525D45025C6F12C0054F629 /* Main.storyboard in Resources */,
				E525D43F25C6CFB60054F629 /* LaunchScreen.storyboard in Resources */,
				E525D43C25C6CFB60054F629 /* Assets.xcassets in Resources */,
			);
			runOnlyForDeploymentPostprocessing = 0;
		};
/* End PBXResourcesBuildPhase section */

/* Begin PBXSourcesBuildPhase section */
		E525D42B25C6CFB30054F629 /* Sources */ = {
			isa = PBXSourcesBuildPhase;
			buildActionMask = 2147483647;
			files = (
				E525D44825C6D4B70054F629 /* PulseAnimation.swift in Sources */,
				E525D43725C6CFB30054F629 /* ViewController.swift in Sources */,
				E525D43325C6CFB30054F629 /* AppDelegate.swift in Sources */,
				E525D43525C6CFB30054F629 /* SceneDelegate.swift in Sources */,
			);
			runOnlyForDeploymentPostprocessing = 0;
		};
/* End PBXSourcesBuildPhase section */

/* Begin PBXVariantGroup section */
		E525D43D25C6CFB60054F629 /* LaunchScreen.storyboard */ = {
			isa = PBXVariantGroup;
			children = (
				E525D43E25C6CFB60054F629 /* Base */,
			);
			name = LaunchScreen.storyboard;
			sourceTree = "<group>";
		};
/* End PBXVariantGroup section */

/* Begin XCBuildConfiguration section */
		E525D44125C6CFB60054F629 /* Debug */ = {
			isa = XCBuildConfiguration;
			buildSettings = {
				ALWAYS_SEARCH_USER_PATHS = NO;
				CLANG_ANALYZER_NONNULL = YES;
				CLANG_ANALYZER_NUMBER_OBJECT_CONVERSION = YES_AGGRESSIVE;
				CLANG_CXX_LANGUAGE_STANDARD = "gnu++14";
				CLANG_CXX_LIBRARY = "libc++";
				CLANG_ENABLE_MODULES = YES;
				CLANG_ENABLE_OBJC_ARC = YES;
				CLANG_ENABLE_OBJC_WEAK = YES;
				CLANG_WARN_BLOCK_CAPTURE_AUTORELEASING = YES;
				CLANG_WARN_BOOL_CONVERSION = YES;
				CLANG_WARN_COMMA = YES;
				CLANG_WARN_CONSTANT_CONVERSION = YES;
				CLANG_WARN_DEPRECATED_OBJC_IMPLEMENTATIONS = YES;
				CLANG_WARN_DIRECT_OBJC_ISA_USAGE = YES_ERROR;
				CLANG_WARN_DOCUMENTATION_COMMENTS = YES;
				CLANG_WARN_EMPTY_BODY = YES;
				CLANG_WARN_ENUM_CONVERSION = YES;
				CLANG_WARN_INFINITE_RECURSION = YES;
				CLANG_WARN_INT_CONVERSION = YES;
				CLANG_WARN_NON_LITERAL_NULL_CONVERSION = YES;
				CLANG_WARN_OBJC_IMPLICIT_RETAIN_SELF = YES;
				CLANG_WARN_OBJC_LITERAL_CONVERSION = YES;
				CLANG_WARN_OBJC_ROOT_CLASS = YES_ERROR;
				CLANG_WARN_QUOTED_INCLUDE_IN_FRAMEWORK_HEADER = YES;
				CLANG_WARN_RANGE_LOOP_ANALYSIS = YES;
				CLANG_WARN_STRICT_PROTOTYPES = YES;
				CLANG_WARN_SUSPICIOUS_MOVE = YES;
				CLANG_WARN_UNGUARDED_AVAILABILITY = YES_AGGRESSIVE;
				CLANG_WARN_UNREACHABLE_CODE = YES;
				CLANG_WARN__DUPLICATE_METHOD_MATCH = YES;
				COPY_PHASE_STRIP = NO;
				DEBUG_INFORMATION_FORMAT = dwarf;
				ENABLE_STRICT_OBJC_MSGSEND = YES;
				ENABLE_TESTABILITY = YES;
				GCC_C_LANGUAGE_STANDARD = gnu11;
				GCC_DYNAMIC_NO_PIC = NO;
				GCC_NO_COMMON_BLOCKS = YES;
				GCC_OPTIMIZATION_LEVEL = 0;
				GCC_PREPROCESSOR_DEFINITIONS = (
					"DEBUG=1",
					"$(inherited)",
				);
				GCC_WARN_64_TO_32_BIT_CONVERSION = YES;
				GCC_WARN_ABOUT_RETURN_TYPE = YES_ERROR;
				GCC_WARN_UNDECLARED_SELECTOR = YES;
				GCC_WARN_UNINITIALIZED_AUTOS = YES_AGGRESSIVE;
				GCC_WARN_UNUSED_FUNCTION = YES;
				GCC_WARN_UNUSED_VARIABLE = YES;
				IPHONEOS_DEPLOYMENT_TARGET = 14.2;
				MTL_ENABLE_DEBUG_INFO = INCLUDE_SOURCE;
				MTL_FAST_MATH = YES;
				ONLY_ACTIVE_ARCH = YES;
				SDKROOT = iphoneos;
				SWIFT_ACTIVE_COMPILATION_CONDITIONS = DEBUG;
				SWIFT_OPTIMIZATION_LEVEL = "-Onone";
			};
			name = Debug;
		};
		E525D44225C6CFB60054F629 /* Release */ = {
			isa = XCBuildConfiguration;
			buildSettings = {
				ALWAYS_SEARCH_USER_PATHS = NO;
				CLANG_ANALYZER_NONNULL = YES;
				CLANG_ANALYZER_NUMBER_OBJECT_CONVERSION = YES_AGGRESSIVE;
				CLANG_CXX_LANGUAGE_STANDARD = "gnu++14";
				CLANG_CXX_LIBRARY = "libc++";
				CLANG_ENABLE_MODULES = YES;
				CLANG_ENABLE_OBJC_ARC = YES;
				CLANG_ENABLE_OBJC_WEAK = YES;
				CLANG_WARN_BLOCK_CAPTURE_AUTORELEASING = YES;
				CLANG_WARN_BOOL_CONVERSION = YES;
				CLANG_WARN_COMMA = YES;
				CLANG_WARN_CONSTANT_CONVERSION = YES;
				CLANG_WARN_DEPRECATED_OBJC_IMPLEMENTATIONS = YES;
				CLANG_WARN_DIRECT_OBJC_ISA_USAGE = YES_ERROR;
				CLANG_WARN_DOCUMENTATION_COMMENTS = YES;
				CLANG_WARN_EMPTY_BODY = YES;
				CLANG_WARN_ENUM_CONVERSION = YES;
				CLANG_WARN_INFINITE_RECURSION = YES;
				CLANG_WARN_INT_CONVERSION = YES;
				CLANG_WARN_NON_LITERAL_NULL_CONVERSION = YES;
				CLANG_WARN_OBJC_IMPLICIT_RETAIN_SELF = YES;
				CLANG_WARN_OBJC_LITERAL_CONVERSION = YES;
				CLANG_WARN_OBJC_ROOT_CLASS = YES_ERROR;
				CLANG_WARN_QUOTED_INCLUDE_IN_FRAMEWORK_HEADER = YES;
				CLANG_WARN_RANGE_LOOP_ANALYSIS = YES;
				CLANG_WARN_STRICT_PROTOTYPES = YES;
				CLANG_WARN_SUSPICIOUS_MOVE = YES;
				CLANG_WARN_UNGUARDED_AVAILABILITY = YES_AGGRESSIVE;
				CLANG_WARN_UNREACHABLE_CODE = YES;
				CLANG_WARN__DUPLICATE_METHOD_MATCH = YES;
				COPY_PHASE_STRIP = NO;
				DEBUG_INFORMATION_FORMAT = "dwarf-with-dsym";
				ENABLE_NS_ASSERTIONS = NO;
				ENABLE_STRICT_OBJC_MSGSEND = YES;
				GCC_C_LANGUAGE_STANDARD = gnu11;
				GCC_NO_COMMON_BLOCKS = YES;
				GCC_WARN_64_TO_32_BIT_CONVERSION = YES;
				GCC_WARN_ABOUT_RETURN_TYPE = YES_ERROR;
				GCC_WARN_UNDECLARED_SELECTOR = YES;
				GCC_WARN_UNINITIALIZED_AUTOS = YES_AGGRESSIVE;
				GCC_WARN_UNUSED_FUNCTION = YES;
				GCC_WARN_UNUSED_VARIABLE = YES;
				IPHONEOS_DEPLOYMENT_TARGET = 14.2;
				MTL_ENABLE_DEBUG_INFO = NO;
				MTL_FAST_MATH = YES;
				SDKROOT = iphoneos;
				SWIFT_COMPILATION_MODE = wholemodule;
				SWIFT_OPTIMIZATION_LEVEL = "-O";
				VALIDATE_PRODUCT = YES;
			};
			name = Release;
		};
		E525D44425C6CFB60054F629 /* Debug */ = {
			isa = XCBuildConfiguration;
			buildSettings = {
				ASSETCATALOG_COMPILER_APPICON_NAME = AppIcon;
				ASSETCATALOG_COMPILER_GLOBAL_ACCENT_COLOR_NAME = AccentColor;
				CODE_SIGN_STYLE = Automatic;
				DEVELOPMENT_TEAM = 38TK83T92G;
				INFOPLIST_FILE = Task1_PulseAnimation/Info.plist;
				LD_RUNPATH_SEARCH_PATHS = (
					"$(inherited)",
					"@executable_path/Frameworks",
				);
				PRODUCT_BUNDLE_IDENTIFIER = "com.alexsopilnyak.Task1-PulseAnimation";
				PRODUCT_NAME = "$(TARGET_NAME)";
				SWIFT_VERSION = 5.0;
				TARGETED_DEVICE_FAMILY = "1,2";
			};
			name = Debug;
		};
		E525D44525C6CFB60054F629 /* Release */ = {
			isa = XCBuildConfiguration;
			buildSettings = {
				ASSETCATALOG_COMPILER_APPICON_NAME = AppIcon;
				ASSETCATALOG_COMPILER_GLOBAL_ACCENT_COLOR_NAME = AccentColor;
				CODE_SIGN_STYLE = Automatic;
				DEVELOPMENT_TEAM = 38TK83T92G;
				INFOPLIST_FILE = Task1_PulseAnimation/Info.plist;
				LD_RUNPATH_SEARCH_PATHS = (
					"$(inherited)",
					"@executable_path/Frameworks",
				);
				PRODUCT_BUNDLE_IDENTIFIER = "com.alexsopilnyak.Task1-PulseAnimation";
				PRODUCT_NAME = "$(TARGET_NAME)";
				SWIFT_VERSION = 5.0;
				TARGETED_DEVICE_FAMILY = "1,2";
			};
			name = Release;
		};
/* End XCBuildConfiguration section */

/* Begin XCConfigurationList section */
		E525D42A25C6CFB30054F629 /* Build configuration list for PBXProject "Task1_PulseAnimation" */ = {
			isa = XCConfigurationList;
			buildConfigurations = (
				E525D44125C6CFB60054F629 /* Debug */,
				E525D44225C6CFB60054F629 /* Release */,
			);
			defaultConfigurationIsVisible = 0;
			defaultConfigurationName = Release;
		};
		E525D44325C6CFB60054F629 /* Build configuration list for PBXNativeTarget "Task1_PulseAnimation" */ = {
			isa = XCConfigurationList;
			buildConfigurations = (
				E525D44425C6CFB60054F629 /* Debug */,
				E525D44525C6CFB60054F629 /* Release */,
			);
			defaultConfigurationIsVisible = 0;
			defaultConfigurationName = Release;
		};
/* End XCConfigurationList section */
	};
	rootObject = E525D42725C6CFB30054F629 /* Project object */;
}
